
Microsoft Visual Studio Solution File, Format Version 12.00
# Visual Studio Version 17
VisualStudioVersion = 17.1.32414.318
MinimumVisualStudioVersion = 10.0.40219.1
Project("{FAE04EC0-301F-11D3-BF4B-00C04F79EFBC}") = "Library_Management", "Library_Management\Library_Management.csproj", "{BF2769F5-232E-4A83-B444-6FEF84022C25}"
EndProject
Global
	GlobalSection(SolutionConfigurationPlatforms) = preSolution
		Debug|Any CPU = Debug|Any CPU
		Release|Any CPU = Release|Any CPU
	EndGlobalSection
	GlobalSection(ProjectConfigurationPlatforms) = postSolution
		{BF2769F5-232E-4A83-B444-6FEF84022C25}.Debug|Any CPU.ActiveCfg = Debug|Any CPU
		{BF2769F5-232E-4A83-B444-6FEF84022C25}.Debug|Any CPU.Build.0 = Debug|Any CPU
		{BF2769F5-232E-4A83-B444-6FEF84022C25}.Release|Any CPU.ActiveCfg = Release|Any CPU
		{BF2769F5-232E-4A83-B444-6FEF84022C25}.Release|Any CPU.Build.0 = Release|Any CPU
	EndGlobalSection
	GlobalSection(SolutionProperties) = preSolution
		HideSolutionNode = FALSE
	EndGlobalSection
	GlobalSection(ExtensibilityGlobals) = postSolution
		SolutionGuid = {D542DEE5-9987-4BD9-AFEB-689B8C3177F3}
	EndGlobalSection
EndGlobal
